// !$*UTF8*$!
{
	archiveVersion = 1;
	classes = {
	};
	objectVersion = 46;
	objects = {

/* Begin PBXBuildFile section */
		840A2A841DB022450043FF67 /* Extensions.swift in Sources */ = {isa = PBXBuildFile; fileRef = 840A2A831DB022450043FF67 /* Extensions.swift */; };
		840A2A871DB023010043FF67 /* VideoCell.swift in Sources */ = {isa = PBXBuildFile; fileRef = 840A2A861DB023010043FF67 /* VideoCell.swift */; };
		840A2A8A1DB0246C0043FF67 /* MenuBar.swift in Sources */ = {isa = PBXBuildFile; fileRef = 840A2A891DB0246C0043FF67 /* MenuBar.swift */; };
		840A2A8D1DB05AB30043FF67 /* Video.swift in Sources */ = {isa = PBXBuildFile; fileRef = 840A2A8C1DB05AB30043FF67 /* Video.swift */; };
		841F94811DCC019D0087B589 /* VideoLauncher.swift in Sources */ = {isa = PBXBuildFile; fileRef = 841F94801DCC019D0087B589 /* VideoLauncher.swift */; };
		842FF78E1DBAB223007B255A /* ApiService.swift in Sources */ = {isa = PBXBuildFile; fileRef = 842FF78D1DBAB223007B255A /* ApiService.swift */; };
		844AC0071DCBC1410044BCF4 /* TrendingCell.swift in Sources */ = {isa = PBXBuildFile; fileRef = 844AC0061DCBC1410044BCF4 /* TrendingCell.swift */; };
		844AC0091DCBC3BC0044BCF4 /* SubscriptionCell.swift in Sources */ = {isa = PBXBuildFile; fileRef = 844AC0081DCBC3BC0044BCF4 /* SubscriptionCell.swift */; };
		84568C591DB6FF2000E73A58 /* SettingsLauncher.swift in Sources */ = {isa = PBXBuildFile; fileRef = 84568C581DB6FF2000E73A58 /* SettingsLauncher.swift */; };
		84568C5B1DB7F98100E73A58 /* SettingCell.swift in Sources */ = {isa = PBXBuildFile; fileRef = 84568C5A1DB7F98100E73A58 /* SettingCell.swift */; };
		846B15DB1DCD1CD600E0905E /* AccountCell.swift in Sources */ = {isa = PBXBuildFile; fileRef = 846B15DA1DCD1CD600E0905E /* AccountCell.swift */; };
		847ECE051DC81B230065479E /* FeedCell.swift in Sources */ = {isa = PBXBuildFile; fileRef = 847ECE041DC81B230065479E /* FeedCell.swift */; };
		84C34F341DAFE8B000DCC04C /* AppDelegate.swift in Sources */ = {isa = PBXBuildFile; fileRef = 84C34F331DAFE8B000DCC04C /* AppDelegate.swift */; };
		84C34F361DAFE8B000DCC04C /* HomeController.swift in Sources */ = {isa = PBXBuildFile; fileRef = 84C34F351DAFE8B000DCC04C /* HomeController.swift */; };
		84C34F391DAFE8B000DCC04C /* Main.storyboard in Resources */ = {isa = PBXBuildFile; fileRef = 84C34F371DAFE8B000DCC04C /* Main.storyboard */; };
		84C34F3B1DAFE8B000DCC04C /* Assets.xcassets in Resources */ = {isa = PBXBuildFile; fileRef = 84C34F3A1DAFE8B000DCC04C /* Assets.xcassets */; };
		84C34F3E1DAFE8B000DCC04C /* LaunchScreen.storyboard in Resources */ = {isa = PBXBuildFile; fileRef = 84C34F3C1DAFE8B000DCC04C /* LaunchScreen.storyboard */; };
		84E9DF0D1DCD729B00037150 /* EventsCell.swift in Sources */ = {isa = PBXBuildFile; fileRef = 84E9DF0C1DCD729B00037150 /* EventsCell.swift */; };
		84E9DF0F1DCD79B500037150 /* EventViewController.swift in Sources */ = {isa = PBXBuildFile; fileRef = 84E9DF0E1DCD79B500037150 /* EventViewController.swift */; };
		9F03F6AA1DD1AE880054A6B6 /* Artwork.swift in Sources */ = {isa = PBXBuildFile; fileRef = 9F03F6A91DD1AE880054A6B6 /* Artwork.swift */; };
		9F66F5FF1DD14DA600A89383 /* Event.swift in Sources */ = {isa = PBXBuildFile; fileRef = 9F66F5FE1DD14DA600A89383 /* Event.swift */; };
/* End PBXBuildFile section */

/* Begin PBXFileReference section */
		840A2A831DB022450043FF67 /* Extensions.swift */ = {isa = PBXFileReference; fileEncoding = 4; lastKnownFileType = sourcecode.swift; path = Extensions.swift; sourceTree = "<group>"; };
		840A2A861DB023010043FF67 /* VideoCell.swift */ = {isa = PBXFileReference; fileEncoding = 4; lastKnownFileType = sourcecode.swift; path = VideoCell.swift; sourceTree = "<group>"; };
		840A2A891DB0246C0043FF67 /* MenuBar.swift */ = {isa = PBXFileReference; fileEncoding = 4; lastKnownFileType = sourcecode.swift; path = MenuBar.swift; sourceTree = "<group>"; };
		840A2A8C1DB05AB30043FF67 /* Video.swift */ = {isa = PBXFileReference; fileEncoding = 4; lastKnownFileType = sourcecode.swift; path = Video.swift; sourceTree = "<group>"; };
		841F94801DCC019D0087B589 /* VideoLauncher.swift */ = {isa = PBXFileReference; fileEncoding = 4; lastKnownFileType = sourcecode.swift; path = VideoLauncher.swift; sourceTree = "<group>"; };
		842FF78D1DBAB223007B255A /* ApiService.swift */ = {isa = PBXFileReference; fileEncoding = 4; lastKnownFileType = sourcecode.swift; path = ApiService.swift; sourceTree = "<group>"; };
		844AC0061DCBC1410044BCF4 /* TrendingCell.swift */ = {isa = PBXFileReference; fileEncoding = 4; lastKnownFileType = sourcecode.swift; path = TrendingCell.swift; sourceTree = "<group>"; };
		844AC0081DCBC3BC0044BCF4 /* SubscriptionCell.swift */ = {isa = PBXFileReference; fileEncoding = 4; lastKnownFileType = sourcecode.swift; path = SubscriptionCell.swift; sourceTree = "<group>"; };
		84568C581DB6FF2000E73A58 /* SettingsLauncher.swift */ = {isa = PBXFileReference; fileEncoding = 4; lastKnownFileType = sourcecode.swift; path = SettingsLauncher.swift; sourceTree = "<group>"; };
		84568C5A1DB7F98100E73A58 /* SettingCell.swift */ = {isa = PBXFileReference; fileEncoding = 4; lastKnownFileType = sourcecode.swift; path = SettingCell.swift; sourceTree = "<group>"; };
		846B15DA1DCD1CD600E0905E /* AccountCell.swift */ = {isa = PBXFileReference; fileEncoding = 4; lastKnownFileType = sourcecode.swift; path = AccountCell.swift; sourceTree = "<group>"; };
		847ECE041DC81B230065479E /* FeedCell.swift */ = {isa = PBXFileReference; fileEncoding = 4; lastKnownFileType = sourcecode.swift; path = FeedCell.swift; sourceTree = "<group>"; };
		84C34F301DAFE8B000DCC04C /* EvenTown BC.app */ = {isa = PBXFileReference; explicitFileType = wrapper.application; includeInIndex = 0; path = "EvenTown BC.app"; sourceTree = BUILT_PRODUCTS_DIR; };
		84C34F331DAFE8B000DCC04C /* AppDelegate.swift */ = {isa = PBXFileReference; lastKnownFileType = sourcecode.swift; path = AppDelegate.swift; sourceTree = "<group>"; };
		84C34F351DAFE8B000DCC04C /* HomeController.swift */ = {isa = PBXFileReference; lastKnownFileType = sourcecode.swift; path = HomeController.swift; sourceTree = "<group>"; };
		84C34F381DAFE8B000DCC04C /* Base */ = {isa = PBXFileReference; lastKnownFileType = file.storyboard; name = Base; path = Base.lproj/Main.storyboard; sourceTree = "<group>"; };
		84C34F3A1DAFE8B000DCC04C /* Assets.xcassets */ = {isa = PBXFileReference; lastKnownFileType = folder.assetcatalog; path = Assets.xcassets; sourceTree = "<group>"; };
		84C34F3D1DAFE8B000DCC04C /* Base */ = {isa = PBXFileReference; lastKnownFileType = file.storyboard; name = Base; path = Base.lproj/LaunchScreen.storyboard; sourceTree = "<group>"; };
		84C34F3F1DAFE8B000DCC04C /* Info.plist */ = {isa = PBXFileReference; lastKnownFileType = text.plist.xml; path = Info.plist; sourceTree = "<group>"; };
		84C34F451DAFE8BA00DCC04C /* EvenTown BC.entitlements */ = {isa = PBXFileReference; lastKnownFileType = text.plist.entitlements; path = "EvenTown BC.entitlements"; sourceTree = "<group>"; };
		84E9DF0C1DCD729B00037150 /* EventsCell.swift */ = {isa = PBXFileReference; fileEncoding = 4; lastKnownFileType = sourcecode.swift; path = EventsCell.swift; sourceTree = "<group>"; };
		84E9DF0E1DCD79B500037150 /* EventViewController.swift */ = {isa = PBXFileReference; fileEncoding = 4; lastKnownFileType = sourcecode.swift; path = EventViewController.swift; sourceTree = "<group>"; };
		9F03F6A91DD1AE880054A6B6 /* Artwork.swift */ = {isa = PBXFileReference; fileEncoding = 4; lastKnownFileType = sourcecode.swift; path = Artwork.swift; sourceTree = "<group>"; };
		9F66F5FE1DD14DA600A89383 /* Event.swift */ = {isa = PBXFileReference; fileEncoding = 4; lastKnownFileType = sourcecode.swift; path = Event.swift; sourceTree = "<group>"; };
/* End PBXFileReference section */

/* Begin PBXFrameworksBuildPhase section */
		84C34F2D1DAFE8AF00DCC04C /* Frameworks */ = {
			isa = PBXFrameworksBuildPhase;
			buildActionMask = 2147483647;
			files = (
			);
			runOnlyForDeploymentPostprocessing = 0;
		};
/* End PBXFrameworksBuildPhase section */

/* Begin PBXGroup section */
		840A2A821DB0222E0043FF67 /* Helpers */ = {
			isa = PBXGroup;
			children = (
				840A2A831DB022450043FF67 /* Extensions.swift */,
				841F94801DCC019D0087B589 /* VideoLauncher.swift */,
			);
			name = Helpers;
			sourceTree = "<group>";
		};
		840A2A851DB022E90043FF67 /* View */ = {
			isa = PBXGroup;
			children = (
				840A2A861DB023010043FF67 /* VideoCell.swift */,
				840A2A891DB0246C0043FF67 /* MenuBar.swift */,
				84568C5A1DB7F98100E73A58 /* SettingCell.swift */,
				847ECE041DC81B230065479E /* FeedCell.swift */,
				844AC0061DCBC1410044BCF4 /* TrendingCell.swift */,
				844AC0081DCBC3BC0044BCF4 /* SubscriptionCell.swift */,
				846B15DA1DCD1CD600E0905E /* AccountCell.swift */,
				84E9DF0C1DCD729B00037150 /* EventsCell.swift */,
			);
			name = View;
			sourceTree = "<group>";
		};
		840A2A881DB0237F0043FF67 /* Controller */ = {
			isa = PBXGroup;
			children = (
				84C34F351DAFE8B000DCC04C /* HomeController.swift */,
				84568C581DB6FF2000E73A58 /* SettingsLauncher.swift */,
				84E9DF0E1DCD79B500037150 /* EventViewController.swift */,
			);
			name = Controller;
			sourceTree = "<group>";
		};
		840A2A8B1DB05A950043FF67 /* Model */ = {
			isa = PBXGroup;
			children = (
				840A2A8C1DB05AB30043FF67 /* Video.swift */,
				9F66F5FE1DD14DA600A89383 /* Event.swift */,
				9F03F6A91DD1AE880054A6B6 /* Artwork.swift */,
			);
			name = Model;
			sourceTree = "<group>";
		};
		842FF78C1DBAB1E0007B255A /* APIService */ = {
			isa = PBXGroup;
			children = (
				842FF78D1DBAB223007B255A /* ApiService.swift */,
			);
			name = APIService;
			sourceTree = "<group>";
		};
		84C34F271DAFE8AF00DCC04C = {
			isa = PBXGroup;
			children = (
				84C34F321DAFE8B000DCC04C /* EvenTown BC */,
				84C34F311DAFE8B000DCC04C /* Products */,
			);
			sourceTree = "<group>";
		};
		84C34F311DAFE8B000DCC04C /* Products */ = {
			isa = PBXGroup;
			children = (
				84C34F301DAFE8B000DCC04C /* EvenTown BC.app */,
			);
			name = Products;
			sourceTree = "<group>";
		};
		84C34F321DAFE8B000DCC04C /* EvenTown BC */ = {
			isa = PBXGroup;
			children = (
				842FF78C1DBAB1E0007B255A /* APIService */,
				840A2A8B1DB05A950043FF67 /* Model */,
				840A2A851DB022E90043FF67 /* View */,
				840A2A881DB0237F0043FF67 /* Controller */,
				840A2A821DB0222E0043FF67 /* Helpers */,
				84C34F331DAFE8B000DCC04C /* AppDelegate.swift */,
				84C34F451DAFE8BA00DCC04C /* EvenTown BC.entitlements */,
				84C34F371DAFE8B000DCC04C /* Main.storyboard */,
				84C34F3A1DAFE8B000DCC04C /* Assets.xcassets */,
				84C34F3C1DAFE8B000DCC04C /* LaunchScreen.storyboard */,
				84C34F3F1DAFE8B000DCC04C /* Info.plist */,
			);
			path = "EvenTown BC";
			sourceTree = "<group>";
		};
/* End PBXGroup section */

/* Begin PBXNativeTarget section */
		84C34F2F1DAFE8AF00DCC04C /* EvenTown BC */ = {
			isa = PBXNativeTarget;
			buildConfigurationList = 84C34F421DAFE8B000DCC04C /* Build configuration list for PBXNativeTarget "EvenTown BC" */;
			buildPhases = (
				84C34F2C1DAFE8AF00DCC04C /* Sources */,
				84C34F2D1DAFE8AF00DCC04C /* Frameworks */,
				84C34F2E1DAFE8AF00DCC04C /* Resources */,
			);
			buildRules = (
			);
			dependencies = (
			);
			name = "EvenTown BC";
			productName = "NetOps Status";
			productReference = 84C34F301DAFE8B000DCC04C /* EvenTown BC.app */;
			productType = "com.apple.product-type.application";
		};
/* End PBXNativeTarget section */

/* Begin PBXProject section */
		84C34F281DAFE8AF00DCC04C /* Project object */ = {
			isa = PBXProject;
			attributes = {
				LastSwiftUpdateCheck = 0800;
				LastUpgradeCheck = 0810;
				ORGANIZATIONNAME = "Social Reality Inc.";
				TargetAttributes = {
					84C34F2F1DAFE8AF00DCC04C = {
						CreatedOnToolsVersion = 8.0;
						DevelopmentTeam = 2PL6FM86N4;
						ProvisioningStyle = Automatic;
						SystemCapabilities = {
							com.apple.BackgroundModes = {
								enabled = 1;
							};
							com.apple.Push = {
								enabled = 1;
							};
						};
					};
				};
			};
			buildConfigurationList = 84C34F2B1DAFE8AF00DCC04C /* Build configuration list for PBXProject "EvenTown BC" */;
			compatibilityVersion = "Xcode 3.2";
			developmentRegion = English;
			hasScannedForEncodings = 0;
			knownRegions = (
				en,
				Base,
			);
			mainGroup = 84C34F271DAFE8AF00DCC04C;
			productRefGroup = 84C34F311DAFE8B000DCC04C /* Products */;
			projectDirPath = "";
			projectRoot = "";
			targets = (
				84C34F2F1DAFE8AF00DCC04C /* EvenTown BC */,
			);
		};
/* End PBXProject section */

/* Begin PBXResourcesBuildPhase section */
		84C34F2E1DAFE8AF00DCC04C /* Resources */ = {
			isa = PBXResourcesBuildPhase;
			buildActionMask = 2147483647;
			files = (
				84C34F3E1DAFE8B000DCC04C /* LaunchScreen.storyboard in Resources */,
				84C34F3B1DAFE8B000DCC04C /* Assets.xcassets in Resources */,
				84C34F391DAFE8B000DCC04C /* Main.storyboard in Resources */,
			);
			runOnlyForDeploymentPostprocessing = 0;
		};
/* End PBXResourcesBuildPhase section */

/* Begin PBXSourcesBuildPhase section */
		84C34F2C1DAFE8AF00DCC04C /* Sources */ = {
			isa = PBXSourcesBuildPhase;
			buildActionMask = 2147483647;
			files = (
				84C34F361DAFE8B000DCC04C /* HomeController.swift in Sources */,
				847ECE051DC81B230065479E /* FeedCell.swift in Sources */,
				844AC0071DCBC1410044BCF4 /* TrendingCell.swift in Sources */,
				840A2A8D1DB05AB30043FF67 /* Video.swift in Sources */,
				84568C5B1DB7F98100E73A58 /* SettingCell.swift in Sources */,
				84E9DF0F1DCD79B500037150 /* EventViewController.swift in Sources */,
				846B15DB1DCD1CD600E0905E /* AccountCell.swift in Sources */,
				840A2A871DB023010043FF67 /* VideoCell.swift in Sources */,
				9F66F5FF1DD14DA600A89383 /* Event.swift in Sources */,
				84568C591DB6FF2000E73A58 /* SettingsLauncher.swift in Sources */,
				841F94811DCC019D0087B589 /* VideoLauncher.swift in Sources */,
				84E9DF0D1DCD729B00037150 /* EventsCell.swift in Sources */,
				842FF78E1DBAB223007B255A /* ApiService.swift in Sources */,
				840A2A841DB022450043FF67 /* Extensions.swift in Sources */,
				84C34F341DAFE8B000DCC04C /* AppDelegate.swift in Sources */,
				844AC0091DCBC3BC0044BCF4 /* SubscriptionCell.swift in Sources */,
				9F03F6AA1DD1AE880054A6B6 /* Artwork.swift in Sources */,
				840A2A8A1DB0246C0043FF67 /* MenuBar.swift in Sources */,
			);
			runOnlyForDeploymentPostprocessing = 0;
		};
/* End PBXSourcesBuildPhase section */

/* Begin PBXVariantGroup section */
		84C34F371DAFE8B000DCC04C /* Main.storyboard */ = {
			isa = PBXVariantGroup;
			children = (
				84C34F381DAFE8B000DCC04C /* Base */,
			);
			name = Main.storyboard;
			sourceTree = "<group>";
		};
		84C34F3C1DAFE8B000DCC04C /* LaunchScreen.storyboard */ = {
			isa = PBXVariantGroup;
			children = (
				84C34F3D1DAFE8B000DCC04C /* Base */,
			);
			name = LaunchScreen.storyboard;
			sourceTree = "<group>";
		};
/* End PBXVariantGroup section */

/* Begin XCBuildConfiguration section */
		84C34F401DAFE8B000DCC04C /* Debug */ = {
			isa = XCBuildConfiguration;
			buildSettings = {
				ALWAYS_SEARCH_USER_PATHS = NO;
				CLANG_ANALYZER_NONNULL = YES;
				CLANG_CXX_LANGUAGE_STANDARD = "gnu++0x";
				CLANG_CXX_LIBRARY = "libc++";
				CLANG_ENABLE_MODULES = YES;
				CLANG_ENABLE_OBJC_ARC = YES;
				CLANG_WARN_BOOL_CONVERSION = YES;
				CLANG_WARN_CONSTANT_CONVERSION = YES;
				CLANG_WARN_DIRECT_OBJC_ISA_USAGE = YES_ERROR;
				CLANG_WARN_DOCUMENTATION_COMMENTS = YES;
				CLANG_WARN_EMPTY_BODY = YES;
				CLANG_WARN_ENUM_CONVERSION = YES;
				CLANG_WARN_INFINITE_RECURSION = YES;
				CLANG_WARN_INT_CONVERSION = YES;
				CLANG_WARN_OBJC_ROOT_CLASS = YES_ERROR;
				CLANG_WARN_SUSPICIOUS_MOVE = YES;
				CLANG_WARN_SUSPICIOUS_MOVES = YES;
				CLANG_WARN_UNREACHABLE_CODE = YES;
				CLANG_WARN__DUPLICATE_METHOD_MATCH = YES;
				"CODE_SIGN_IDENTITY[sdk=iphoneos*]" = "iPhone Developer";
				COPY_PHASE_STRIP = NO;
				DEBUG_INFORMATION_FORMAT = dwarf;
				ENABLE_STRICT_OBJC_MSGSEND = YES;
				ENABLE_TESTABILITY = YES;
				GCC_C_LANGUAGE_STANDARD = gnu99;
				GCC_DYNAMIC_NO_PIC = NO;
				GCC_NO_COMMON_BLOCKS = YES;
				GCC_OPTIMIZATION_LEVEL = 0;
				GCC_PREPROCESSOR_DEFINITIONS = (
					"DEBUG=1",
					"$(inherited)",
				);
				GCC_WARN_64_TO_32_BIT_CONVERSION = YES;
				GCC_WARN_ABOUT_RETURN_TYPE = YES_ERROR;
				GCC_WARN_UNDECLARED_SELECTOR = YES;
				GCC_WARN_UNINITIALIZED_AUTOS = YES_AGGRESSIVE;
				GCC_WARN_UNUSED_FUNCTION = YES;
				GCC_WARN_UNUSED_VARIABLE = YES;
				IPHONEOS_DEPLOYMENT_TARGET = 10.1;
				MTL_ENABLE_DEBUG_INFO = YES;
				ONLY_ACTIVE_ARCH = YES;
				SDKROOT = iphoneos;
				SWIFT_ACTIVE_COMPILATION_CONDITIONS = DEBUG;
				SWIFT_OPTIMIZATION_LEVEL = "-Onone";
				TARGETED_DEVICE_FAMILY = "1,2";
			};
			name = Debug;
		};
		84C34F411DAFE8B000DCC04C /* Release */ = {
			isa = XCBuildConfiguration;
			buildSettings = {
				ALWAYS_SEARCH_USER_PATHS = NO;
				CLANG_ANALYZER_NONNULL = YES;
				CLANG_CXX_LANGUAGE_STANDARD = "gnu++0x";
				CLANG_CXX_LIBRARY = "libc++";
				CLANG_ENABLE_MODULES = YES;
				CLANG_ENABLE_OBJC_ARC = YES;
				CLANG_WARN_BOOL_CONVERSION = YES;
				CLANG_WARN_CONSTANT_CONVERSION = YES;
				CLANG_WARN_DIRECT_OBJC_ISA_USAGE = YES_ERROR;
				CLANG_WARN_DOCUMENTATION_COMMENTS = YES;
				CLANG_WARN_EMPTY_BODY = YES;
				CLANG_WARN_ENUM_CONVERSION = YES;
				CLANG_WARN_INFINITE_RECURSION = YES;
				CLANG_WARN_INT_CONVERSION = YES;
				CLANG_WARN_OBJC_ROOT_CLASS = YES_ERROR;
				CLANG_WARN_SUSPICIOUS_MOVE = YES;
				CLANG_WARN_SUSPICIOUS_MOVES = YES;
				CLANG_WARN_UNREACHABLE_CODE = YES;
				CLANG_WARN__DUPLICATE_METHOD_MATCH = YES;
				"CODE_SIGN_IDENTITY[sdk=iphoneos*]" = "iPhone Developer";
				COPY_PHASE_STRIP = NO;
				DEBUG_INFORMATION_FORMAT = "dwarf-with-dsym";
				ENABLE_NS_ASSERTIONS = NO;
				ENABLE_STRICT_OBJC_MSGSEND = YES;
				GCC_C_LANGUAGE_STANDARD = gnu99;
				GCC_NO_COMMON_BLOCKS = YES;
				GCC_WARN_64_TO_32_BIT_CONVERSION = YES;
				GCC_WARN_ABOUT_RETURN_TYPE = YES_ERROR;
				GCC_WARN_UNDECLARED_SELECTOR = YES;
				GCC_WARN_UNINITIALIZED_AUTOS = YES_AGGRESSIVE;
				GCC_WARN_UNUSED_FUNCTION = YES;
				GCC_WARN_UNUSED_VARIABLE = YES;
				IPHONEOS_DEPLOYMENT_TARGET = 10.1;
				MTL_ENABLE_DEBUG_INFO = NO;
				SDKROOT = iphoneos;
				SWIFT_OPTIMIZATION_LEVEL = "-Owholemodule";
				TARGETED_DEVICE_FAMILY = "1,2";
				VALIDATE_PRODUCT = YES;
			};
			name = Release;
		};
		84C34F431DAFE8B000DCC04C /* Debug */ = {
			isa = XCBuildConfiguration;
			buildSettings = {
				ASSETCATALOG_COMPILER_APPICON_NAME = AppIcon;
				CODE_SIGN_ENTITLEMENTS = "EvenTown BC/EvenTown BC.entitlements";
				"CODE_SIGN_IDENTITY[sdk=iphoneos*]" = "iPhone Developer";
				DEVELOPMENT_TEAM = 2PL6FM86N4;
				INFOPLIST_FILE = "$(SRCROOT)/EvenTown BC/Info.plist";
				LD_RUNPATH_SEARCH_PATHS = "$(inherited) @executable_path/Frameworks";
				PRODUCT_BUNDLE_IDENTIFIER = "com.socialreality.EvenTown-BC";
				PRODUCT_NAME = "$(TARGET_NAME)";
				PROVISIONING_PROFILE = "";
				PROVISIONING_PROFILE_SPECIFIER = "";
				SWIFT_VERSION = 3.0;
			};
			name = Debug;
		};
		84C34F441DAFE8B000DCC04C /* Release */ = {
			isa = XCBuildConfiguration;
			buildSettings = {
				ASSETCATALOG_COMPILER_APPICON_NAME = AppIcon;
				CODE_SIGN_ENTITLEMENTS = "EvenTown BC/EvenTown BC.entitlements";
				"CODE_SIGN_IDENTITY[sdk=iphoneos*]" = "iPhone Developer";
				DEVELOPMENT_TEAM = 2PL6FM86N4;
				INFOPLIST_FILE = "$(SRCROOT)/EvenTown BC/Info.plist";
				LD_RUNPATH_SEARCH_PATHS = "$(inherited) @executable_path/Frameworks";
				PRODUCT_BUNDLE_IDENTIFIER = "com.socialreality.EvenTown-BC";
				PRODUCT_NAME = "$(TARGET_NAME)";
				SWIFT_VERSION = 3.0;
			};
			name = Release;
		};
/* End XCBuildConfiguration section */

/* Begin XCConfigurationList section */
		84C34F2B1DAFE8AF00DCC04C /* Build configuration list for PBXProject "EvenTown BC" */ = {
			isa = XCConfigurationList;
			buildConfigurations = (
				84C34F401DAFE8B000DCC04C /* Debug */,
				84C34F411DAFE8B000DCC04C /* Release */,
			);
			defaultConfigurationIsVisible = 0;
			defaultConfigurationName = Release;
		};
		84C34F421DAFE8B000DCC04C /* Build configuration list for PBXNativeTarget "EvenTown BC" */ = {
			isa = XCConfigurationList;
			buildConfigurations = (
				84C34F431DAFE8B000DCC04C /* Debug */,
				84C34F441DAFE8B000DCC04C /* Release */,
			);
			defaultConfigurationIsVisible = 0;
			defaultConfigurationName = Release;
		};
/* End XCConfigurationList section */
	};
	rootObject = 84C34F281DAFE8AF00DCC04C /* Project object */;
}
